
Microsoft Visual Studio Solution File, Format Version 12.00
# Visual Studio Version 17
VisualStudioVersion = 17.4.33213.308
MinimumVisualStudioVersion = 10.0.40219.1
Project("{FAE04EC0-301F-11D3-BF4B-00C04F79EFBC}") = "Unit2", "Unit2.csproj", "{9B3906AD-C6E7-4F86-88C3-35A05C731EEE}"
EndProject
Global
	GlobalSection(SolutionConfigurationPlatforms) = preSolution
		Debug|Any CPU = Debug|Any CPU
		Release|Any CPU = Release|Any CPU
	EndGlobalSection
	GlobalSection(ProjectConfigurationPlatforms) = postSolution
		{9B3906AD-C6E7-4F86-88C3-35A05C731EEE}.Debug|Any CPU.ActiveCfg = Debug|Any CPU
		{9B3906AD-C6E7-4F86-88C3-35A05C731EEE}.Debug|Any CPU.Build.0 = Debug|Any CPU
		{9B3906AD-C6E7-4F86-88C3-35A05C731EEE}.Release|Any CPU.ActiveCfg = Release|Any CPU
		{9B3906AD-C6E7-4F86-88C3-35A05C731EEE}.Release|Any CPU.Build.0 = Release|Any CPU
	EndGlobalSection
	GlobalSection(SolutionProperties) = preSolution
		HideSolutionNode = FALSE
	EndGlobalSection
	GlobalSection(ExtensibilityGlobals) = postSolution
		SolutionGuid = {AEE76D4C-10B0-4668-BBBB-2023BA365679}
	EndGlobalSection
EndGlobal
