
Microsoft Visual Studio Solution File, Format Version 12.00
# Visual Studio Version 17
VisualStudioVersion = 17.4.33213.308
MinimumVisualStudioVersion = 10.0.40219.1
Project("{FAE04EC0-301F-11D3-BF4B-00C04F79EFBC}") = "The Matrix", "The Matrix.csproj", "{49BFE3BE-1281-46CA-ACF5-A36307F64480}"
EndProject
Global
	GlobalSection(SolutionConfigurationPlatforms) = preSolution
		Debug|Any CPU = Debug|Any CPU
		Release|Any CPU = Release|Any CPU
	EndGlobalSection
	GlobalSection(ProjectConfigurationPlatforms) = postSolution
		{49BFE3BE-1281-46CA-ACF5-A36307F64480}.Debug|Any CPU.ActiveCfg = Debug|Any CPU
		{49BFE3BE-1281-46CA-ACF5-A36307F64480}.Debug|Any CPU.Build.0 = Debug|Any CPU
		{49BFE3BE-1281-46CA-ACF5-A36307F64480}.Release|Any CPU.ActiveCfg = Release|Any CPU
		{49BFE3BE-1281-46CA-ACF5-A36307F64480}.Release|Any CPU.Build.0 = Release|Any CPU
	EndGlobalSection
	GlobalSection(SolutionProperties) = preSolution
		HideSolutionNode = FALSE
	EndGlobalSection
	GlobalSection(ExtensibilityGlobals) = postSolution
		SolutionGuid = {B3031ABA-52B6-4003-8DF9-D561C2592230}
	EndGlobalSection
EndGlobal
