
Microsoft Visual Studio Solution File, Format Version 12.00
# Visual Studio Version 17
VisualStudioVersion = 17.4.33213.308
MinimumVisualStudioVersion = 10.0.40219.1
Project("{FAE04EC0-301F-11D3-BF4B-00C04F79EFBC}") = "A better Join", "A better Join.csproj", "{1BA7169F-F939-497A-935C-A46417DB22BE}"
EndProject
Global
	GlobalSection(SolutionConfigurationPlatforms) = preSolution
		Debug|Any CPU = Debug|Any CPU
		Release|Any CPU = Release|Any CPU
	EndGlobalSection
	GlobalSection(ProjectConfigurationPlatforms) = postSolution
		{1BA7169F-F939-497A-935C-A46417DB22BE}.Debug|Any CPU.ActiveCfg = Debug|Any CPU
		{1BA7169F-F939-497A-935C-A46417DB22BE}.Debug|Any CPU.Build.0 = Debug|Any CPU
		{1BA7169F-F939-497A-935C-A46417DB22BE}.Release|Any CPU.ActiveCfg = Release|Any CPU
		{1BA7169F-F939-497A-935C-A46417DB22BE}.Release|Any CPU.Build.0 = Release|Any CPU
	EndGlobalSection
	GlobalSection(SolutionProperties) = preSolution
		HideSolutionNode = FALSE
	EndGlobalSection
	GlobalSection(ExtensibilityGlobals) = postSolution
		SolutionGuid = {073AD1CB-4576-4E83-A970-E0B4BA574BE0}
	EndGlobalSection
EndGlobal
