
Microsoft Visual Studio Solution File, Format Version 12.00
# Visual Studio Version 16
VisualStudioVersion = 16.0.33214.272
MinimumVisualStudioVersion = 10.0.40219.1
Project("{FAE04EC0-301F-11D3-BF4B-00C04F79EFBC}") = "GenerateCharacters", "GenerateCharacters.csproj", "{5BD06B23-F237-4044-AAE3-89FE91B3C915}"
EndProject
Global
	GlobalSection(SolutionConfigurationPlatforms) = preSolution
		Debug|Any CPU = Debug|Any CPU
		Release|Any CPU = Release|Any CPU
	EndGlobalSection
	GlobalSection(ProjectConfigurationPlatforms) = postSolution
		{5BD06B23-F237-4044-AAE3-89FE91B3C915}.Debug|Any CPU.ActiveCfg = Debug|Any CPU
		{5BD06B23-F237-4044-AAE3-89FE91B3C915}.Debug|Any CPU.Build.0 = Debug|Any CPU
		{5BD06B23-F237-4044-AAE3-89FE91B3C915}.Release|Any CPU.ActiveCfg = Release|Any CPU
		{5BD06B23-F237-4044-AAE3-89FE91B3C915}.Release|Any CPU.Build.0 = Release|Any CPU
	EndGlobalSection
	GlobalSection(SolutionProperties) = preSolution
		HideSolutionNode = FALSE
	EndGlobalSection
	GlobalSection(ExtensibilityGlobals) = postSolution
		SolutionGuid = {DE15F378-245E-4507-8C93-A4F4EEDFECAA}
	EndGlobalSection
EndGlobal
